
Microsoft Visual Studio Solution File, Format Version 12.00
# Visual Studio Version 17
VisualStudioVersion = 17.5.2.0
MinimumVisualStudioVersion = 10.0.40219.1
Project("{FAE04EC0-301F-11D3-BF4B-00C04F79EFBC}") = "BeerProduction", "BeerProduction\BeerProduction.csproj", "{CD435C53-E483-470D-8C9F-5AF3AD20F55C}"
EndProject
Project("{2150E333-8FDC-42A3-9474-1A3956D46DE8}") = "Solution Items", "Solution Items", "{7A493464-5879-45A6-AF10-B885E7B0FCF5}"
	ProjectSection(SolutionItems) = preProject
		compose.yaml = compose.yaml
	EndProjectSection
EndProject
Project("{FAE04EC0-301F-11D3-BF4B-00C04F79EFBC}") = "BeerProduction.Tests", "BeerProduction.Tests\BeerProduction.Tests.csproj", "{83879839-922F-4C31-A662-C4C09FE237FC}"
EndProject
Global
	GlobalSection(SolutionConfigurationPlatforms) = preSolution
		Debug|Any CPU = Debug|Any CPU
		Debug|x64 = Debug|x64
		Debug|x86 = Debug|x86
		Release|Any CPU = Release|Any CPU
		Release|x64 = Release|x64
		Release|x86 = Release|x86
	EndGlobalSection
	GlobalSection(ProjectConfigurationPlatforms) = postSolution
		{CD435C53-E483-470D-8C9F-5AF3AD20F55C}.Debug|Any CPU.ActiveCfg = Debug|Any CPU
		{CD435C53-E483-470D-8C9F-5AF3AD20F55C}.Debug|Any CPU.Build.0 = Debug|Any CPU
		{CD435C53-E483-470D-8C9F-5AF3AD20F55C}.Debug|x64.ActiveCfg = Debug|Any CPU
		{CD435C53-E483-470D-8C9F-5AF3AD20F55C}.Debug|x64.Build.0 = Debug|Any CPU
		{CD435C53-E483-470D-8C9F-5AF3AD20F55C}.Debug|x86.ActiveCfg = Debug|Any CPU
		{CD435C53-E483-470D-8C9F-5AF3AD20F55C}.Debug|x86.Build.0 = Debug|Any CPU
		{CD435C53-E483-470D-8C9F-5AF3AD20F55C}.Release|Any CPU.ActiveCfg = Release|Any CPU
		{CD435C53-E483-470D-8C9F-5AF3AD20F55C}.Release|Any CPU.Build.0 = Release|Any CPU
		{CD435C53-E483-470D-8C9F-5AF3AD20F55C}.Release|x64.ActiveCfg = Release|Any CPU
		{CD435C53-E483-470D-8C9F-5AF3AD20F55C}.Release|x64.Build.0 = Release|Any CPU
		{CD435C53-E483-470D-8C9F-5AF3AD20F55C}.Release|x86.ActiveCfg = Release|Any CPU
		{CD435C53-E483-470D-8C9F-5AF3AD20F55C}.Release|x86.Build.0 = Release|Any CPU
		{83879839-922F-4C31-A662-C4C09FE237FC}.Debug|Any CPU.ActiveCfg = Debug|Any CPU
		{83879839-922F-4C31-A662-C4C09FE237FC}.Debug|Any CPU.Build.0 = Debug|Any CPU
		{83879839-922F-4C31-A662-C4C09FE237FC}.Debug|x64.ActiveCfg = Debug|Any CPU
		{83879839-922F-4C31-A662-C4C09FE237FC}.Debug|x64.Build.0 = Debug|Any CPU
		{83879839-922F-4C31-A662-C4C09FE237FC}.Debug|x86.ActiveCfg = Debug|Any CPU
		{83879839-922F-4C31-A662-C4C09FE237FC}.Debug|x86.Build.0 = Debug|Any CPU
		{83879839-922F-4C31-A662-C4C09FE237FC}.Release|Any CPU.ActiveCfg = Release|Any CPU
		{83879839-922F-4C31-A662-C4C09FE237FC}.Release|Any CPU.Build.0 = Release|Any CPU
		{83879839-922F-4C31-A662-C4C09FE237FC}.Release|x64.ActiveCfg = Release|Any CPU
		{83879839-922F-4C31-A662-C4C09FE237FC}.Release|x64.Build.0 = Release|Any CPU
		{83879839-922F-4C31-A662-C4C09FE237FC}.Release|x86.ActiveCfg = Release|Any CPU
		{83879839-922F-4C31-A662-C4C09FE237FC}.Release|x86.Build.0 = Release|Any CPU
	EndGlobalSection
	GlobalSection(SolutionProperties) = preSolution
		HideSolutionNode = FALSE
	EndGlobalSection
	GlobalSection(ExtensibilityGlobals) = postSolution
		SolutionGuid = {88592B43-40D5-455E-8BFF-8B1CA9949353}
	EndGlobalSection
EndGlobal
